// !$*UTF8*$!
{
	archiveVersion = 1;
	classes = {
	};
	objectVersion = 46;
	objects = {

/* Begin PBXBuildFile section */
		2C6711109C9A5E27B5D50FC1 /* AppCanEngine.framework in Frameworks */ = {isa = PBXBuildFile; fileRef = 98C82C4020A44704754CDE1A /* AppCanEngine.framework */; };
		308EE195E660D3DD73B5C3B4 /* AudioToolbox.framework in Frameworks */ = {isa = PBXBuildFile; fileRef = 213AA819C0A72B53815C9C6F /* AudioToolbox.framework */; };
		420B04CD1CA3DC4900E012B2 /* uexDevice.bundle in Resources */ = {isa = PBXBuildFile; fileRef = 420B04CB1CA3DC3D00E012B2 /* uexDevice.bundle */; };
		4A82D3BDE9FA409838F09EFB /* ImageIO.framework in Frameworks */ = {isa = PBXBuildFile; fileRef = 1514180D9321FC948659F614 /* ImageIO.framework */; };
		5A500F19188FB1C20022E07C /* Foundation.framework in Frameworks */ = {isa = PBXBuildFile; fileRef = 5A500F18188FB1C20022E07C /* Foundation.framework */; };
		5A500F20188FB1C20022E07C /* EUExDevice.m in Sources */ = {isa = PBXBuildFile; fileRef = 5A500F1F188FB1C20022E07C /* EUExDevice.m */; };
		5C30A67A2060471CB96717A9 /* MapKit.framework in Frameworks */ = {isa = PBXBuildFile; fileRef = A6314EAB07642EAFD607A155 /* MapKit.framework */; };
		63448F13786171D8963E2D18 /* QuartzCore.framework in Frameworks */ = {isa = PBXBuildFile; fileRef = 251EBA77388F47AD90E5CD17 /* QuartzCore.framework */; };
		6439837E5166AF1196FED3BF /* UIKit.framework in Frameworks */ = {isa = PBXBuildFile; fileRef = 01A5EE989A55AC49623A1B19 /* UIKit.framework */; };
		7D35E159B48101A17676E85B /* libstdc++.tbd in Frameworks */ = {isa = PBXBuildFile; fileRef = 98D6A1FCF37638979C72A04D /* libstdc++.tbd */; };
		9FC06B89980AB09A8011CAA5 /* SystemConfiguration.framework in Frameworks */ = {isa = PBXBuildFile; fileRef = 994120EF3998744FCC3E0E18 /* SystemConfiguration.framework */; };
		A036158418E2BA2200800C19 /* Reachability_Device.m in Sources */ = {isa = PBXBuildFile; fileRef = A036158318E2BA2200800C19 /* Reachability_Device.m */; settings = {COMPILER_FLAGS = "-fno-objc-arc"; }; };
		B21531376936831B767CAC88 /* libc++.tbd in Frameworks */ = {isa = PBXBuildFile; fileRef = 37DFA2134FC6632CA8C4424D /* libc++.tbd */; };
		BC7FBAFE7C506F59A8BD94A2 /* CFNetWork.framework in Frameworks */ = {isa = PBXBuildFile; fileRef = 3C7C3A12926141E789CB7A15 /* CFNetWork.framework */; };
		EC0A23456D3891361C9ED0C4 /* libz.tbd in Frameworks */ = {isa = PBXBuildFile; fileRef = AAE91851165407EA4A471DB5 /* libz.tbd */; };
		EFD1FA33603553D10553189C /* CoreGraphics.framework in Frameworks */ = {isa = PBXBuildFile; fileRef = E39F147CEEC799FFE174B700 /* CoreGraphics.framework */; };
		F58BA06327EA1F1B1A20D48C /* MobileCoreServices.framework in Frameworks */ = {isa = PBXBuildFile; fileRef = CB03A848A04678DA03DC5A01 /* MobileCoreServices.framework */; };
		F9A0279CDC1A63D0D2C0689A /* libsqlite3.tbd in Frameworks */ = {isa = PBXBuildFile; fileRef = 72B2C441311ADE4BF114D196 /* libsqlite3.tbd */; };
/* End PBXBuildFile section */

/* Begin PBXCopyFilesBuildPhase section */
		5A500F13188FB1C20022E07C /* CopyFiles */ = {
			isa = PBXCopyFilesBuildPhase;
			buildActionMask = 2147483647;
			dstPath = "include/$(PRODUCT_NAME)";
			dstSubfolderSpec = 16;
			files = (
			);
			runOnlyForDeploymentPostprocessing = 0;
		};
/* End PBXCopyFilesBuildPhase section */

/* Begin PBXFileReference section */
		01A5EE989A55AC49623A1B19 /* UIKit.framework */ = {isa = PBXFileReference; fileEncoding = 4; lastKnownFileType = wrapper.framework; name = UIKit.framework; path = System/Library/Frameworks/UIKit.framework; sourceTree = SDKROOT; };
		1514180D9321FC948659F614 /* ImageIO.framework */ = {isa = PBXFileReference; fileEncoding = 4; lastKnownFileType = wrapper.framework; name = ImageIO.framework; path = System/Library/Frameworks/ImageIO.framework; sourceTree = SDKROOT; };
		213AA819C0A72B53815C9C6F /* AudioToolbox.framework */ = {isa = PBXFileReference; fileEncoding = 4; lastKnownFileType = wrapper.framework; name = AudioToolbox.framework; path = System/Library/Frameworks/AudioToolbox.framework; sourceTree = SDKROOT; };
		251EBA77388F47AD90E5CD17 /* QuartzCore.framework */ = {isa = PBXFileReference; fileEncoding = 4; lastKnownFileType = wrapper.framework; name = QuartzCore.framework; path = System/Library/Frameworks/QuartzCore.framework; sourceTree = SDKROOT; };
		37DFA2134FC6632CA8C4424D /* libc++.tbd */ = {isa = PBXFileReference; fileEncoding = 4; lastKnownFileType = archive.ar; name = "libc++.tbd"; path = "usr/lib/libc++.tbd"; sourceTree = SDKROOT; };
		3C7C3A12926141E789CB7A15 /* CFNetWork.framework */ = {isa = PBXFileReference; fileEncoding = 4; lastKnownFileType = wrapper.framework; name = CFNetWork.framework; path = System/Library/Frameworks/CFNetWork.framework; sourceTree = SDKROOT; };
		420B04CB1CA3DC3D00E012B2 /* uexDevice.bundle */ = {isa = PBXFileReference; lastKnownFileType = "wrapper.plug-in"; name = uexDevice.bundle; path = uexDevice/uexDevice.bundle; sourceTree = SOURCE_ROOT; };
		5A500F15188FB1C20022E07C /* uexDevice.framework */ = {isa = PBXFileReference; explicitFileType = wrapper.framework; includeInIndex = 0; path = uexDevice.framework; sourceTree = BUILT_PRODUCTS_DIR; };
		5A500F18188FB1C20022E07C /* Foundation.framework */ = {isa = PBXFileReference; lastKnownFileType = wrapper.framework; name = Foundation.framework; path = System/Library/Frameworks/Foundation.framework; sourceTree = SDKROOT; };
		5A500F1C188FB1C20022E07C /* EUExDevice-Prefix.pch */ = {isa = PBXFileReference; lastKnownFileType = sourcecode.c.h; path = "EUExDevice-Prefix.pch"; sourceTree = "<group>"; };
		5A500F1F188FB1C20022E07C /* EUExDevice.m */ = {isa = PBXFileReference; lastKnownFileType = sourcecode.c.objc; path = EUExDevice.m; sourceTree = "<group>"; };
		5A500F3F188FB1F90022E07C /* EUExBase.h */ = {isa = PBXFileReference; fileEncoding = 4; lastKnownFileType = sourcecode.c.h; path = EUExBase.h; sourceTree = "<group>"; };
		5A500F40188FB1F90022E07C /* EUExBaseDefine.h */ = {isa = PBXFileReference; fileEncoding = 4; lastKnownFileType = sourcecode.c.h; path = EUExBaseDefine.h; sourceTree = "<group>"; };
		5A500F41188FB1F90022E07C /* EUtility.h */ = {isa = PBXFileReference; fileEncoding = 4; lastKnownFileType = sourcecode.c.h; path = EUtility.h; sourceTree = "<group>"; };
		5A500F43188FB1F90022E07C /* AppCanAnalysis.h */ = {isa = PBXFileReference; fileEncoding = 4; lastKnownFileType = sourcecode.c.h; path = AppCanAnalysis.h; sourceTree = "<group>"; };
		5A500F45188FB1F90022E07C /* JSON.h */ = {isa = PBXFileReference; fileEncoding = 4; lastKnownFileType = sourcecode.c.h; path = JSON.h; sourceTree = "<group>"; };
		5A500F46188FB1F90022E07C /* NSObject+SBJSON.h */ = {isa = PBXFileReference; fileEncoding = 4; lastKnownFileType = sourcecode.c.h; path = "NSObject+SBJSON.h"; sourceTree = "<group>"; };
		5A500F47188FB1F90022E07C /* NSString+SBJSON.h */ = {isa = PBXFileReference; fileEncoding = 4; lastKnownFileType = sourcecode.c.h; path = "NSString+SBJSON.h"; sourceTree = "<group>"; };
		5A500F48188FB1F90022E07C /* SBJSON.h */ = {isa = PBXFileReference; fileEncoding = 4; lastKnownFileType = sourcecode.c.h; path = SBJSON.h; sourceTree = "<group>"; };
		5A500F49188FB1F90022E07C /* SBJsonBase.h */ = {isa = PBXFileReference; fileEncoding = 4; lastKnownFileType = sourcecode.c.h; path = SBJsonBase.h; sourceTree = "<group>"; };
		5A500F4A188FB1F90022E07C /* SBJsonParser.h */ = {isa = PBXFileReference; fileEncoding = 4; lastKnownFileType = sourcecode.c.h; path = SBJsonParser.h; sourceTree = "<group>"; };
		5A500F4B188FB1F90022E07C /* SBJsonWriter.h */ = {isa = PBXFileReference; fileEncoding = 4; lastKnownFileType = sourcecode.c.h; path = SBJsonWriter.h; sourceTree = "<group>"; };
		5A60A96D18AB676100C727A6 /* EUExDevice.h */ = {isa = PBXFileReference; lastKnownFileType = sourcecode.c.h; path = EUExDevice.h; sourceTree = "<group>"; };
		72B2C441311ADE4BF114D196 /* libsqlite3.tbd */ = {isa = PBXFileReference; fileEncoding = 4; lastKnownFileType = archive.ar; name = libsqlite3.tbd; path = usr/lib/libsqlite3.tbd; sourceTree = SDKROOT; };
		98C82C4020A44704754CDE1A /* AppCanEngine.framework */ = {isa = PBXFileReference; fileEncoding = 4; lastKnownFileType = wrapper.framework; name = AppCanEngine.framework; path = "../../../AppCanPluginTools-iOS/resource/IDEPluginProjectPackageResource/AppCanEngine.framework"; sourceTree = "<group>"; };
		98D6A1FCF37638979C72A04D /* libstdc++.tbd */ = {isa = PBXFileReference; fileEncoding = 4; lastKnownFileType = archive.ar; name = "libstdc++.tbd"; path = "usr/lib/libstdc++.tbd"; sourceTree = SDKROOT; };
		994120EF3998744FCC3E0E18 /* SystemConfiguration.framework */ = {isa = PBXFileReference; fileEncoding = 4; lastKnownFileType = wrapper.framework; name = SystemConfiguration.framework; path = System/Library/Frameworks/SystemConfiguration.framework; sourceTree = SDKROOT; };
		A036158218E2BA2200800C19 /* Reachability_Device.h */ = {isa = PBXFileReference; fileEncoding = 4; lastKnownFileType = sourcecode.c.h; path = Reachability_Device.h; sourceTree = "<group>"; };
		A036158318E2BA2200800C19 /* Reachability_Device.m */ = {isa = PBXFileReference; fileEncoding = 4; lastKnownFileType = sourcecode.c.objc; path = Reachability_Device.m; sourceTree = "<group>"; };
		A6314EAB07642EAFD607A155 /* MapKit.framework */ = {isa = PBXFileReference; fileEncoding = 4; lastKnownFileType = wrapper.framework; name = MapKit.framework; path = System/Library/Frameworks/MapKit.framework; sourceTree = SDKROOT; };
		AAE91851165407EA4A471DB5 /* libz.tbd */ = {isa = PBXFileReference; fileEncoding = 4; lastKnownFileType = archive.ar; name = libz.tbd; path = usr/lib/libz.tbd; sourceTree = SDKROOT; };
		C76B1A07DC6D3BA7FA0A7DA4 /* info.plist */ = {isa = PBXFileReference; fileEncoding = 4; lastKnownFileType = text.plist.strings; name = info.plist; path = "../../../AppCanPluginTools-iOS/resource/IDEPluginProjectPackageResource/info.plist"; sourceTree = "<group>"; };
		CB03A848A04678DA03DC5A01 /* MobileCoreServices.framework */ = {isa = PBXFileReference; fileEncoding = 4; lastKnownFileType = wrapper.framework; name = MobileCoreServices.framework; path = System/Library/Frameworks/MobileCoreServices.framework; sourceTree = SDKROOT; };
		E39F147CEEC799FFE174B700 /* CoreGraphics.framework */ = {isa = PBXFileReference; fileEncoding = 4; lastKnownFileType = wrapper.framework; name = CoreGraphics.framework; path = System/Library/Frameworks/CoreGraphics.framework; sourceTree = SDKROOT; };
/* End PBXFileReference section */

/* Begin PBXFrameworksBuildPhase section */
		5A500F12188FB1C20022E07C /* Frameworks */ = {
			isa = PBXFrameworksBuildPhase;
			buildActionMask = 2147483647;
			files = (
				5A500F19188FB1C20022E07C /* Foundation.framework in Frameworks */,
				5C30A67A2060471CB96717A9 /* MapKit.framework in Frameworks */,
				308EE195E660D3DD73B5C3B4 /* AudioToolbox.framework in Frameworks */,
				9FC06B89980AB09A8011CAA5 /* SystemConfiguration.framework in Frameworks */,
				4A82D3BDE9FA409838F09EFB /* ImageIO.framework in Frameworks */,
				BC7FBAFE7C506F59A8BD94A2 /* CFNetWork.framework in Frameworks */,
				F58BA06327EA1F1B1A20D48C /* MobileCoreServices.framework in Frameworks */,
				6439837E5166AF1196FED3BF /* UIKit.framework in Frameworks */,
				EFD1FA33603553D10553189C /* CoreGraphics.framework in Frameworks */,
				63448F13786171D8963E2D18 /* QuartzCore.framework in Frameworks */,
				B21531376936831B767CAC88 /* libc++.tbd in Frameworks */,
				7D35E159B48101A17676E85B /* libstdc++.tbd in Frameworks */,
				F9A0279CDC1A63D0D2C0689A /* libsqlite3.tbd in Frameworks */,
				EC0A23456D3891361C9ED0C4 /* libz.tbd in Frameworks */,
				2C6711109C9A5E27B5D50FC1 /* AppCanEngine.framework in Frameworks */,
			);
			runOnlyForDeploymentPostprocessing = 0;
		};
/* End PBXFrameworksBuildPhase section */

/* Begin PBXGroup section */
		20169779907E3CDC83C3A1E3 /* IDE-Frameworks */ = {
			isa = PBXGroup;
			children = (
				A6314EAB07642EAFD607A155 /* MapKit.framework */,
				213AA819C0A72B53815C9C6F /* AudioToolbox.framework */,
				994120EF3998744FCC3E0E18 /* SystemConfiguration.framework */,
				1514180D9321FC948659F614 /* ImageIO.framework */,
				3C7C3A12926141E789CB7A15 /* CFNetWork.framework */,
				CB03A848A04678DA03DC5A01 /* MobileCoreServices.framework */,
				01A5EE989A55AC49623A1B19 /* UIKit.framework */,
				E39F147CEEC799FFE174B700 /* CoreGraphics.framework */,
				251EBA77388F47AD90E5CD17 /* QuartzCore.framework */,
				37DFA2134FC6632CA8C4424D /* libc++.tbd */,
				98D6A1FCF37638979C72A04D /* libstdc++.tbd */,
				72B2C441311ADE4BF114D196 /* libsqlite3.tbd */,
				AAE91851165407EA4A471DB5 /* libz.tbd */,
			);
			path = "IDE-Frameworks";
			sourceTree = "<group>";
		};
		5A500F0C188FB1C20022E07C = {
			isa = PBXGroup;
			children = (
				5A500F1A188FB1C20022E07C /* EUExDevice */,
				5A500F17188FB1C20022E07C /* Frameworks */,
				5A500F16188FB1C20022E07C /* Products */,
				20169779907E3CDC83C3A1E3 /* IDE-Frameworks */,
				862186F7426BC94A83654551 /* AppCanEngine */,
			);
			sourceTree = "<group>";
		};
		5A500F16188FB1C20022E07C /* Products */ = {
			isa = PBXGroup;
			children = (
				5A500F15188FB1C20022E07C /* uexDevice.framework */,
			);
			name = Products;
			sourceTree = "<group>";
		};
		5A500F17188FB1C20022E07C /* Frameworks */ = {
			isa = PBXGroup;
			children = (
				5A500F18188FB1C20022E07C /* Foundation.framework */,
			);
			name = Frameworks;
			sourceTree = "<group>";
		};
		5A500F1A188FB1C20022E07C /* EUExDevice */ = {
			isa = PBXGroup;
			children = (
				420B04CB1CA3DC3D00E012B2 /* uexDevice.bundle */,
				5A60A96D18AB676100C727A6 /* EUExDevice.h */,
				5A500F1F188FB1C20022E07C /* EUExDevice.m */,
				5A500F3E188FB1F90022E07C /* engineHeader */,
				5A500F42188FB1F90022E07C /* sourceCode */,
				5A500F1B188FB1C20022E07C /* Supporting Files */,
			);
			path = EUExDevice;
			sourceTree = "<group>";
		};
		5A500F1B188FB1C20022E07C /* Supporting Files */ = {
			isa = PBXGroup;
			children = (
				5A500F1C188FB1C20022E07C /* EUExDevice-Prefix.pch */,
			);
			name = "Supporting Files";
			sourceTree = "<group>";
		};
		5A500F3E188FB1F90022E07C /* engineHeader */ = {
			isa = PBXGroup;
			children = (
				5A500F3F188FB1F90022E07C /* EUExBase.h */,
				5A500F40188FB1F90022E07C /* EUExBaseDefine.h */,
				5A500F41188FB1F90022E07C /* EUtility.h */,
			);
			path = engineHeader;
			sourceTree = "<group>";
		};
		5A500F42188FB1F90022E07C /* sourceCode */ = {
			isa = PBXGroup;
			children = (
				A036158218E2BA2200800C19 /* Reachability_Device.h */,
				A036158318E2BA2200800C19 /* Reachability_Device.m */,
				5A500F43188FB1F90022E07C /* AppCanAnalysis.h */,
				5A500F44188FB1F90022E07C /* JSON */,
			);
			path = sourceCode;
			sourceTree = "<group>";
		};
		5A500F44188FB1F90022E07C /* JSON */ = {
			isa = PBXGroup;
			children = (
				5A500F45188FB1F90022E07C /* JSON.h */,
				5A500F46188FB1F90022E07C /* NSObject+SBJSON.h */,
				5A500F47188FB1F90022E07C /* NSString+SBJSON.h */,
				5A500F48188FB1F90022E07C /* SBJSON.h */,
				5A500F49188FB1F90022E07C /* SBJsonBase.h */,
				5A500F4A188FB1F90022E07C /* SBJsonParser.h */,
				5A500F4B188FB1F90022E07C /* SBJsonWriter.h */,
			);
			path = JSON;
			sourceTree = "<group>";
		};
		862186F7426BC94A83654551 /* AppCanEngine */ = {
			isa = PBXGroup;
			children = (
				98C82C4020A44704754CDE1A /* AppCanEngine.framework */,
				C76B1A07DC6D3BA7FA0A7DA4 /* info.plist */,
			);
			path = AppCanEngine;
			sourceTree = "<group>";
		};
/* End PBXGroup section */

/* Begin PBXNativeTarget section */
		5A500F14188FB1C20022E07C /* EUExDevice */ = {
			isa = PBXNativeTarget;
			buildConfigurationList = 5A500F38188FB1C20022E07C /* Build configuration list for PBXNativeTarget "EUExDevice" */;
			buildPhases = (
				5A500F11188FB1C20022E07C /* Sources */,
				5A500F12188FB1C20022E07C /* Frameworks */,
				5A500F13188FB1C20022E07C /* CopyFiles */,
				420B04CC1CA3DC4500E012B2 /* Resources */,
			);
			buildRules = (
			);
			dependencies = (
			);
			name = EUExDevice;
			productName = EUExDevice;
			productReference = 5A500F15188FB1C20022E07C /* uexDevice.framework */;
			productType = "com.apple.product-type.framework";
		};
/* End PBXNativeTarget section */

/* Begin PBXProject section */
		5A500F0D188FB1C20022E07C /* Project object */ = {
			isa = PBXProject;
			attributes = {
				LastUpgradeCheck = 0500;
				ORGANIZATIONNAME = xll;
			};
			buildConfigurationList = 5A500F10188FB1C20022E07C /* Build configuration list for PBXProject "EUExDeviceIDE" */;
			compatibilityVersion = "Xcode 3.2";
			developmentRegion = English;
			hasScannedForEncodings = 0;
			knownRegions = (
				en,
			);
			mainGroup = 5A500F0C188FB1C20022E07C;
			productRefGroup = 5A500F16188FB1C20022E07C /* Products */;
			projectDirPath = "";
			projectRoot = "";
			targets = (
				5A500F14188FB1C20022E07C /* EUExDevice */,
			);
		};
/* End PBXProject section */

/* Begin PBXResourcesBuildPhase section */
		420B04CC1CA3DC4500E012B2 /* Resources */ = {
			isa = PBXResourcesBuildPhase;
			buildActionMask = 2147483647;
			files = (
				420B04CD1CA3DC4900E012B2 /* uexDevice.bundle in Resources */,
			);
			runOnlyForDeploymentPostprocessing = 0;
		};
/* End PBXResourcesBuildPhase section */

/* Begin PBXSourcesBuildPhase section */
		5A500F11188FB1C20022E07C /* Sources */ = {
			isa = PBXSourcesBuildPhase;
			buildActionMask = 2147483647;
			files = (
				A036158418E2BA2200800C19 /* Reachability_Device.m in Sources */,
				5A500F20188FB1C20022E07C /* EUExDevice.m in Sources */,
			);
			runOnlyForDeploymentPostprocessing = 0;
		};
/* End PBXSourcesBuildPhase section */

/* Begin XCBuildConfiguration section */
		5A500F36188FB1C20022E07C /* Debug */ = {
			isa = XCBuildConfiguration;
			buildSettings = {
				ALWAYS_SEARCH_USER_PATHS = NO;
				CLANG_CXX_LANGUAGE_STANDARD = "gnu++0x";
				CLANG_CXX_LIBRARY = "libc++";
				CLANG_ENABLE_MODULES = YES;
				CLANG_ENABLE_OBJC_ARC = NO;
				CLANG_WARN_BOOL_CONVERSION = YES;
				CLANG_WARN_CONSTANT_CONVERSION = YES;
				CLANG_WARN_DIRECT_OBJC_ISA_USAGE = YES_ERROR;
				CLANG_WARN_EMPTY_BODY = YES;
				CLANG_WARN_ENUM_CONVERSION = YES;
				CLANG_WARN_INT_CONVERSION = YES;
				CLANG_WARN_OBJC_ROOT_CLASS = YES_ERROR;
				CLANG_WARN__DUPLICATE_METHOD_MATCH = YES;
				COPY_PHASE_STRIP = NO;
				DEBUG_INFORMATION_FORMAT = dwarf;
				GCC_C_LANGUAGE_STANDARD = gnu99;
				GCC_DYNAMIC_NO_PIC = NO;
				GCC_OPTIMIZATION_LEVEL = 0;
				GCC_PREPROCESSOR_DEFINITIONS = (
					"DEBUG=1",
					"$(inherited)",
				);
				GCC_SYMBOLS_PRIVATE_EXTERN = NO;
				GCC_WARN_64_TO_32_BIT_CONVERSION = YES;
				GCC_WARN_ABOUT_RETURN_TYPE = YES_ERROR;
				GCC_WARN_UNDECLARED_SELECTOR = YES;
				GCC_WARN_UNINITIALIZED_AUTOS = YES;
				GCC_WARN_UNUSED_FUNCTION = YES;
				GCC_WARN_UNUSED_VARIABLE = YES;
				IPHONEOS_DEPLOYMENT_TARGET = 8.0;
				ONLY_ACTIVE_ARCH = YES;
				SDKROOT = iphoneos;
				TARGETED_DEVICE_FAMILY = "1,2";
			};
			name = Debug;
		};
		5A500F37188FB1C20022E07C /* Release */ = {
			isa = XCBuildConfiguration;
			buildSettings = {
				ALWAYS_SEARCH_USER_PATHS = NO;
				CLANG_CXX_LANGUAGE_STANDARD = "gnu++0x";
				CLANG_CXX_LIBRARY = "libc++";
				CLANG_ENABLE_MODULES = YES;
				CLANG_ENABLE_OBJC_ARC = NO;
				CLANG_WARN_BOOL_CONVERSION = YES;
				CLANG_WARN_CONSTANT_CONVERSION = YES;
				CLANG_WARN_DIRECT_OBJC_ISA_USAGE = YES_ERROR;
				CLANG_WARN_EMPTY_BODY = YES;
				CLANG_WARN_ENUM_CONVERSION = YES;
				CLANG_WARN_INT_CONVERSION = YES;
				CLANG_WARN_OBJC_ROOT_CLASS = YES_ERROR;
				CLANG_WARN__DUPLICATE_METHOD_MATCH = YES;
				COPY_PHASE_STRIP = YES;
				DEBUG_INFORMATION_FORMAT = dwarf;
				ENABLE_NS_ASSERTIONS = NO;
				GCC_C_LANGUAGE_STANDARD = gnu99;
				GCC_WARN_64_TO_32_BIT_CONVERSION = YES;
				GCC_WARN_ABOUT_RETURN_TYPE = YES_ERROR;
				GCC_WARN_UNDECLARED_SELECTOR = YES;
				GCC_WARN_UNINITIALIZED_AUTOS = YES;
				GCC_WARN_UNUSED_FUNCTION = YES;
				GCC_WARN_UNUSED_VARIABLE = YES;
				IPHONEOS_DEPLOYMENT_TARGET = 8.0;
				SDKROOT = iphoneos;
				TARGETED_DEVICE_FAMILY = "1,2";
				VALIDATE_PRODUCT = YES;
			};
			name = Release;
		};
		5A500F39188FB1C20022E07C /* Debug */ = {
			isa = XCBuildConfiguration;
			buildSettings = {
				BUNDLE_IDENTIFIER = com.appcan.ide;
				CLANG_ENABLE_OBJC_ARC = YES;
				CODE_SIGN_IDENTITY = "iPhone Distribution: Hangzhou Sea King Biological Technology Co., Ltd.";
				CONFIGURATION_BUILD_DIR = "$(SRCROOT)/uexDevice/IDE/";
				DEBUG_INFORMATION_FORMAT = dwarf;
				DEFINES_MODULE = YES;
				DSTROOT = /tmp/EUExDevice.dst;
				DYLIB_COMPATIBILITY_VERSION = 1;
				DYLIB_CURRENT_VERSION = 1;
				DYLIB_INSTALL_NAME_BASE = "@rpath";
				ENABLE_BITCODE = NO;
				FRAMEWORK_SEARCH_PATHS = (
					"$(PROJECT_DIR)",
					"$(SRCROOT)/../../AppCanPluginTools-iOS/resource/IDEPluginProjectPackageResource",
				);
				GCC_PRECOMPILE_PREFIX_HEADER = YES;
				GCC_PREFIX_HEADER = "EUExDevice/EUExDevice-Prefix.pch";
				HEADER_SEARCH_PATHS = "$(SRCROOT)/../../AppCanPluginTools-iOS/resource/IDEPluginProjectPackageResource";
				INFOPLIST_FILE = "$(SRCROOT)/../../AppCanPluginTools-iOS/resource/IDEPluginProjectPackageResource/info.plist";
				INSTALL_PATH = "$(LOCAL_LIBRARY_DIR)/Frameworks";
				IPHONEOS_DEPLOYMENT_TARGET = 8.0;
				LD_RUNPATH_SEARCH_PATHS = "$(inherited) @executable_path/Frameworks @executable_path @loader_path/Frameworks @loader_path";
				LIBRARY_SEARCH_PATHS = (
					"$(inherited)",
					"$(SRCROOT)/../../AppCanPluginTools-iOS/resource/IDEPluginProjectPackageResource",
				);
				ONLY_ACTIVE_ARCH = NO;
				OTHER_LDFLAGS = "-ObjC";
				PRODUCT_NAME = uexDevice;
				PROVISIONING_PROFILE = "756a3ff2-be53-4d08-862a-c050d0dfa3d9";
				SKIP_INSTALL = YES;
			};
			name = Debug;
		};
		5A500F3A188FB1C20022E07C /* Release */ = {
			isa = XCBuildConfiguration;
			buildSettings = {
				BUNDLE_IDENTIFIER = com.appcan.ide;
				CLANG_ENABLE_OBJC_ARC = YES;
				CODE_SIGN_IDENTITY = "iPhone Distribution: Hangzhou Sea King Biological Technology Co., Ltd.";
				CONFIGURATION_BUILD_DIR = "$(SRCROOT)/uexDevice/IDE/";
				DEBUG_INFORMATION_FORMAT = dwarf;
				DEFINES_MODULE = YES;
				DSTROOT = /tmp/EUExDevice.dst;
				DYLIB_COMPATIBILITY_VERSION = 1;
				DYLIB_CURRENT_VERSION = 1;
				DYLIB_INSTALL_NAME_BASE = "@rpath";
				ENABLE_BITCODE = NO;
				FRAMEWORK_SEARCH_PATHS = (
					"$(PROJECT_DIR)",
					"$(SRCROOT)/../../AppCanPluginTools-iOS/resource/IDEPluginProjectPackageResource",
				);
				GCC_PRECOMPILE_PREFIX_HEADER = YES;
				GCC_PREFIX_HEADER = "EUExDevice/EUExDevice-Prefix.pch";
				HEADER_SEARCH_PATHS = "$(SRCROOT)/../../AppCanPluginTools-iOS/resource/IDEPluginProjectPackageResource";
				INFOPLIST_FILE = "$(SRCROOT)/../../AppCanPluginTools-iOS/resource/IDEPluginProjectPackageResource/info.plist";
				INSTALL_PATH = "$(LOCAL_LIBRARY_DIR)/Frameworks";
				IPHONEOS_DEPLOYMENT_TARGET = 8.0;
				LD_RUNPATH_SEARCH_PATHS = "$(inherited) @executable_path/Frameworks @executable_path @loader_path/Frameworks @loader_path";
				LIBRARY_SEARCH_PATHS = (
					"$(inherited)",
					"$(SRCROOT)/../../AppCanPluginTools-iOS/resource/IDEPluginProjectPackageResource",
				);
				ONLY_ACTIVE_ARCH = NO;
				OTHER_LDFLAGS = "-ObjC";
				PRODUCT_NAME = uexDevice;
				PROVISIONING_PROFILE = "756a3ff2-be53-4d08-862a-c050d0dfa3d9";
				SKIP_INSTALL = YES;
			};
			name = Release;
		};
/* End XCBuildConfiguration section */

/* Begin XCConfigurationList section */
		5A500F10188FB1C20022E07C /* Build configuration list for PBXProject "EUExDeviceIDE" */ = {
			isa = XCConfigurationList;
			buildConfigurations = (
				5A500F36188FB1C20022E07C /* Debug */,
				5A500F37188FB1C20022E07C /* Release */,
			);
			defaultConfigurationIsVisible = 0;
			defaultConfigurationName = Release;
		};
		5A500F38188FB1C20022E07C /* Build configuration list for PBXNativeTarget "EUExDevice" */ = {
			isa = XCConfigurationList;
			buildConfigurations = (
				5A500F39188FB1C20022E07C /* Debug */,
				5A500F3A188FB1C20022E07C /* Release */,
			);
			defaultConfigurationIsVisible = 0;
			defaultConfigurationName = Release;
		};
/* End XCConfigurationList section */
	};
	rootObject = 5A500F0D188FB1C20022E07C /* Project object */;
}
